
Microsoft Visual Studio Solution File, Format Version 12.00
# Visual Studio Version 17
VisualStudioVersion = 17.8.34330.188
MinimumVisualStudioVersion = 10.0.40219.1
Project("{FAE04EC0-301F-11D3-BF4B-00C04F79EFBC}") = "HouseRentingSystem", "HouseRentingSystem\HouseRentingSystem.csproj", "{8FD09E9B-427E-4648-8228-12DAD4BD63A5}"
EndProject
Project("{FAE04EC0-301F-11D3-BF4B-00C04F79EFBC}") = "HouseRentingSystem.Core", "HouseRentingSystem.Core\HouseRentingSystem.Core.csproj", "{706F0793-938A-4467-AD23-156EA3975024}"
EndProject
Project("{FAE04EC0-301F-11D3-BF4B-00C04F79EFBC}") = "HouseRentingSystem.Infrastructure", "HouseRentingSystem.Infrastructure\HouseRentingSystem.Infrastructure.csproj", "{7B459A79-2B2D-45E0-B6B3-DDB5D7A78F15}"
EndProject
Global
	GlobalSection(SolutionConfigurationPlatforms) = preSolution
		Debug|Any CPU = Debug|Any CPU
		Release|Any CPU = Release|Any CPU
	EndGlobalSection
	GlobalSection(ProjectConfigurationPlatforms) = postSolution
		{8FD09E9B-427E-4648-8228-12DAD4BD63A5}.Debug|Any CPU.ActiveCfg = Debug|Any CPU
		{8FD09E9B-427E-4648-8228-12DAD4BD63A5}.Debug|Any CPU.Build.0 = Debug|Any CPU
		{8FD09E9B-427E-4648-8228-12DAD4BD63A5}.Release|Any CPU.ActiveCfg = Release|Any CPU
		{8FD09E9B-427E-4648-8228-12DAD4BD63A5}.Release|Any CPU.Build.0 = Release|Any CPU
		{706F0793-938A-4467-AD23-156EA3975024}.Debug|Any CPU.ActiveCfg = Debug|Any CPU
		{706F0793-938A-4467-AD23-156EA3975024}.Debug|Any CPU.Build.0 = Debug|Any CPU
		{706F0793-938A-4467-AD23-156EA3975024}.Release|Any CPU.ActiveCfg = Release|Any CPU
		{706F0793-938A-4467-AD23-156EA3975024}.Release|Any CPU.Build.0 = Release|Any CPU
		{7B459A79-2B2D-45E0-B6B3-DDB5D7A78F15}.Debug|Any CPU.ActiveCfg = Debug|Any CPU
		{7B459A79-2B2D-45E0-B6B3-DDB5D7A78F15}.Debug|Any CPU.Build.0 = Debug|Any CPU
		{7B459A79-2B2D-45E0-B6B3-DDB5D7A78F15}.Release|Any CPU.ActiveCfg = Release|Any CPU
		{7B459A79-2B2D-45E0-B6B3-DDB5D7A78F15}.Release|Any CPU.Build.0 = Release|Any CPU
	EndGlobalSection
	GlobalSection(SolutionProperties) = preSolution
		HideSolutionNode = FALSE
	EndGlobalSection
	GlobalSection(ExtensibilityGlobals) = postSolution
		SolutionGuid = {0CC3A538-9382-4957-BBB9-14FE75AB5626}
	EndGlobalSection
EndGlobal
